
Microsoft Visual Studio Solution File, Format Version 12.00
# Visual Studio Version 16
VisualStudioVersion = 16.0.30011.22
MinimumVisualStudioVersion = 10.0.40219.1
Project("{FAE04EC0-301F-11D3-BF4B-00C04F79EFBC}") = "agenda", "agenda.csproj", "{E85E11DB-8034-4934-B5F1-A065A138BB77}"
EndProject
Global
	GlobalSection(SolutionConfigurationPlatforms) = preSolution
		Debug|Any CPU = Debug|Any CPU
		Release|Any CPU = Release|Any CPU
	EndGlobalSection
	GlobalSection(ProjectConfigurationPlatforms) = postSolution
		{E85E11DB-8034-4934-B5F1-A065A138BB77}.Debug|Any CPU.ActiveCfg = Debug|Any CPU
		{E85E11DB-8034-4934-B5F1-A065A138BB77}.Debug|Any CPU.Build.0 = Debug|Any CPU
		{E85E11DB-8034-4934-B5F1-A065A138BB77}.Release|Any CPU.ActiveCfg = Release|Any CPU
		{E85E11DB-8034-4934-B5F1-A065A138BB77}.Release|Any CPU.Build.0 = Release|Any CPU
	EndGlobalSection
	GlobalSection(SolutionProperties) = preSolution
		HideSolutionNode = FALSE
	EndGlobalSection
	GlobalSection(ExtensibilityGlobals) = postSolution
		SolutionGuid = {44B1F590-58B1-4F5C-A3E1-45D8BBA4F1B4}
	EndGlobalSection
EndGlobal
